
Microsoft Visual Studio Solution File, Format Version 12.00
# Visual Studio Version 16
VisualStudioVersion = 16.0.31515.178
MinimumVisualStudioVersion = 10.0.40219.1
Project("{FAE04EC0-301F-11D3-BF4B-00C04F79EFBC}") = "TemplateWpfApp", "TemplateWpfApp.csproj", "{B2D7CE38-B360-4B25-B1A9-52B87D8A48FD}"
EndProject
Project("{FAE04EC0-301F-11D3-BF4B-00C04F79EFBC}") = "TemplateWpfAppTests", "..\TemplateWpfAppTests\TemplateWpfAppTests.csproj", "{9C14D1FB-D829-488B-B46F-E9E34141C257}"
EndProject
Global
	GlobalSection(SolutionConfigurationPlatforms) = preSolution
		Debug|Any CPU = Debug|Any CPU
		Release|Any CPU = Release|Any CPU
	EndGlobalSection
	GlobalSection(ProjectConfigurationPlatforms) = postSolution
		{B2D7CE38-B360-4B25-B1A9-52B87D8A48FD}.Debug|Any CPU.ActiveCfg = Debug|Any CPU
		{B2D7CE38-B360-4B25-B1A9-52B87D8A48FD}.Debug|Any CPU.Build.0 = Debug|Any CPU
		{B2D7CE38-B360-4B25-B1A9-52B87D8A48FD}.Release|Any CPU.ActiveCfg = Release|Any CPU
		{B2D7CE38-B360-4B25-B1A9-52B87D8A48FD}.Release|Any CPU.Build.0 = Release|Any CPU
		{9C14D1FB-D829-488B-B46F-E9E34141C257}.Debug|Any CPU.ActiveCfg = Debug|Any CPU
		{9C14D1FB-D829-488B-B46F-E9E34141C257}.Debug|Any CPU.Build.0 = Debug|Any CPU
		{9C14D1FB-D829-488B-B46F-E9E34141C257}.Release|Any CPU.ActiveCfg = Release|Any CPU
		{9C14D1FB-D829-488B-B46F-E9E34141C257}.Release|Any CPU.Build.0 = Release|Any CPU
	EndGlobalSection
	GlobalSection(SolutionProperties) = preSolution
		HideSolutionNode = FALSE
	EndGlobalSection
	GlobalSection(ExtensibilityGlobals) = postSolution
		SolutionGuid = {7E1DA746-E92B-40FF-AACF-9616040F4B9B}
	EndGlobalSection
EndGlobal
